
Microsoft Visual Studio Solution File, Format Version 12.00
Project("{FAE04EC0-301F-11D3-BF4B-00C04F79EFBC}") = "D2Oracle.UI", "D2Oracle.UI\D2Oracle.UI.csproj", "{7148450E-E086-427F-92DE-8026F856DD02}"
EndProject
Project("{FAE04EC0-301F-11D3-BF4B-00C04F79EFBC}") = "D2Oracle.Core", "D2Oracle.Core\D2Oracle.Core.csproj", "{290CD425-5326-4F64-9479-329A06FE9B16}"
EndProject
Project("{FAE04EC0-301F-11D3-BF4B-00C04F79EFBC}") = "Dota2GSI", "..\Dota2GSI\Dota2GSI\Dota2GSI\Dota2GSI.csproj", "{D7F23E29-050B-47DD-8D76-DFBBBD1F3548}"
EndProject
Global
	GlobalSection(SolutionConfigurationPlatforms) = preSolution
		Debug|Any CPU = Debug|Any CPU
		Release|Any CPU = Release|Any CPU
	EndGlobalSection
	GlobalSection(ProjectConfigurationPlatforms) = postSolution
		{7148450E-E086-427F-92DE-8026F856DD02}.Debug|Any CPU.ActiveCfg = Debug|Any CPU
		{7148450E-E086-427F-92DE-8026F856DD02}.Debug|Any CPU.Build.0 = Debug|Any CPU
		{7148450E-E086-427F-92DE-8026F856DD02}.Release|Any CPU.ActiveCfg = Release|Any CPU
		{7148450E-E086-427F-92DE-8026F856DD02}.Release|Any CPU.Build.0 = Release|Any CPU
		{290CD425-5326-4F64-9479-329A06FE9B16}.Debug|Any CPU.ActiveCfg = Debug|Any CPU
		{290CD425-5326-4F64-9479-329A06FE9B16}.Debug|Any CPU.Build.0 = Debug|Any CPU
		{290CD425-5326-4F64-9479-329A06FE9B16}.Release|Any CPU.ActiveCfg = Release|Any CPU
		{290CD425-5326-4F64-9479-329A06FE9B16}.Release|Any CPU.Build.0 = Release|Any CPU
		{D7F23E29-050B-47DD-8D76-DFBBBD1F3548}.Debug|Any CPU.ActiveCfg = Debug|Any CPU
		{D7F23E29-050B-47DD-8D76-DFBBBD1F3548}.Debug|Any CPU.Build.0 = Debug|Any CPU
		{D7F23E29-050B-47DD-8D76-DFBBBD1F3548}.Release|Any CPU.ActiveCfg = Release|Any CPU
		{D7F23E29-050B-47DD-8D76-DFBBBD1F3548}.Release|Any CPU.Build.0 = Release|Any CPU
	EndGlobalSection
EndGlobal
